
Microsoft Visual Studio Solution File, Format Version 12.00
# Visual Studio 15
VisualStudioVersion = 15.0.28307.271
MinimumVisualStudioVersion = 10.0.40219.1
Project("{9A19103F-16F7-4668-BE54-9A1E7A4F7556}") = "ImageTemplateMatching", "ImageTemplateMatching\ImageTemplateMatching.csproj", "{1968B61D-CC88-42E3-B121-00A835F9C073}"
EndProject
Project("{2150E333-8FDC-42A3-9474-1A3956D46DE8}") = "Solution Items", "Solution Items", "{1BFCC80C-FB53-4EE8-8D29-BDC629B455DB}"
	ProjectSection(SolutionItems) = preProject
		.editorconfig = .editorconfig
	EndProjectSection
EndProject
Global
	GlobalSection(SolutionConfigurationPlatforms) = preSolution
		Debug|Any CPU = Debug|Any CPU
		Release|Any CPU = Release|Any CPU
	EndGlobalSection
	GlobalSection(ProjectConfigurationPlatforms) = postSolution
		{1968B61D-CC88-42E3-B121-00A835F9C073}.Debug|Any CPU.ActiveCfg = Debug|Any CPU
		{1968B61D-CC88-42E3-B121-00A835F9C073}.Debug|Any CPU.Build.0 = Debug|Any CPU
		{1968B61D-CC88-42E3-B121-00A835F9C073}.Release|Any CPU.ActiveCfg = Release|Any CPU
		{1968B61D-CC88-42E3-B121-00A835F9C073}.Release|Any CPU.Build.0 = Release|Any CPU
	EndGlobalSection
	GlobalSection(SolutionProperties) = preSolution
		HideSolutionNode = FALSE
	EndGlobalSection
	GlobalSection(ExtensibilityGlobals) = postSolution
		SolutionGuid = {CC0CDD11-85E5-468C-AD2C-AB78B4E1F7BE}
	EndGlobalSection
EndGlobal
